<?xml version="1.0" encoding="utf-8"?>
<Project ToolsVersion="4.0" xmlns="http://schemas.microsoft.com/developer/msbuild/2003">
  <ItemGroup>
    <Filter Include="Source Files">
      <UniqueIdentifier>{4FC737F1-C7A5-4376-A066-2A32D752A2FF}</UniqueIdentifier>
      <Extensions>cpp;c;cc;cxx;c++;cppm;ixx;def;odl;idl;hpj;bat;asm;asmx</Extensions>
    </Filter>
    <Filter Include="Header Files">
      <UniqueIdentifier>{93995380-89BD-4b04-88EB-625FBE52EBFB}</UniqueIdentifier>
      <Extensions>h;hh;hpp;hxx;h++;hm;inl;inc;ipp;xsd</Extensions>
    </Filter>
    <Filter Include="Resource Files">
      <UniqueIdentifier>{67DA6AB6-F800-4c08-8B7A-83BB121AAD01}</UniqueIdentifier>
      <Extensions>rc;ico;cur;bmp;dlg;rc2;rct;bin;rgs;gif;jpg;jpeg;jpe;resx;tiff;tif;png;wav;mfcribbon-ms</Extensions>
    </Filter>
  </ItemGroup>
  <ItemGroup>
    <ClInclude Include="framework.h">
      <Filter>Header Files</Filter>
    </ClInclude>
    <ClInclude Include="pch.h">
      <Filter>Header Files</Filter>
    </ClInclude>
    <ClInclude Include="core\GlfwWindow.h">
      <Filter>Header Files</Filter>
    </ClInclude>
    <ClInclude Include="base\ShaderProgram.h">
      <Filter>Header Files</Filter>
    </ClInclude>
    <ClInclude Include="safe.h">
      <Filter>Header Files</Filter>
    </ClInclude>
    <ClInclude Include="base\VertexArrayObject.h">
      <Filter>Header Files</Filter>
    </ClInclude>
    <ClInclude Include="primitive\Primitive.h">
      <Filter>Header Files</Filter>
    </ClInclude>
    <ClInclude Include="core\Camera.h">
      <Filter>Header Files</Filter>
    </ClInclude>
    <ClInclude Include="controller\ArcballController.h">
      <Filter>Header Files</Filter>
    </ClInclude>
    <ClInclude Include="controller\CameraController.h">
      <Filter>Header Files</Filter>
    </ClInclude>
    <ClInclude Include="controller\FPSController.h">
      <Filter>Header Files</Filter>
    </ClInclude>
    <ClInclude Include="core\InputHandler.h">
      <Filter>Header Files</Filter>
    </ClInclude>
    <ClInclude Include="scene\Node.h">
      <Filter>Header Files</Filter>
    </ClInclude>
    <ClInclude Include="core\Transform.h">
      <Filter>Header Files</Filter>
    </ClInclude>
    <ClInclude Include="scene\Mesh.h">
      <Filter>Header Files</Filter>
    </ClInclude>
    <ClInclude Include="loader\ModelLoader.h">
      <Filter>Header Files</Filter>
    </ClInclude>
    <ClInclude Include="scene\Scene.h">
      <Filter>Header Files</Filter>
    </ClInclude>
    <ClInclude Include="light\Light.h">
      <Filter>Header Files</Filter>
    </ClInclude>
    <ClInclude Include="core\RenderPipeline.h">
      <Filter>Header Files</Filter>
    </ClInclude>
    <ClInclude Include="core\RenderPass.h">
      <Filter>Header Files</Filter>
    </ClInclude>
    <ClInclude Include="renderpass\PostProcessPass.h">
      <Filter>Header Files</Filter>
    </ClInclude>
    <ClInclude Include="renderpass\ForwardLitPass.h">
      <Filter>Header Files</Filter>
    </ClInclude>
    <ClInclude Include="parser\GlslParser.h">
      <Filter>Header Files</Filter>
    </ClInclude>
    <ClInclude Include="renderpass\DeferredGeoPass.h">
      <Filter>Header Files</Filter>
    </ClInclude>
    <ClInclude Include="renderpass\DeferredLitPass.h">
      <Filter>Header Files</Filter>
    </ClInclude>
    <ClInclude Include="renderpass\DirShadowMapPass.h">
      <Filter>Header Files</Filter>
    </ClInclude>
    <ClInclude Include="core\Material.h">
      <Filter>Header Files</Filter>
    </ClInclude>
    <ClInclude Include="renderpass\SkyBoxPass.h">
      <Filter>Header Files</Filter>
    </ClInclude>
    <ClInclude Include="ui\ImGui.h">
      <Filter>Header Files</Filter>
    </ClInclude>
    <ClInclude Include="renderpass\PointShadowMapPass.h">
      <Filter>Header Files</Filter>
    </ClInclude>
    <ClInclude Include="renderpass\VisLightPass.h">
      <Filter>Header Files</Filter>
    </ClInclude>
    <ClInclude Include="utils\AssetsPath.h">
      <Filter>Header Files</Filter>
    </ClInclude>
    <ClInclude Include="renderpass\WaterLitPass.h">
      <Filter>Header Files</Filter>
    </ClInclude>
    <ClInclude Include="loader\AssimpLoader.h">
      <Filter>Header Files</Filter>
    </ClInclude>
    <ClInclude Include="scene\Bounds.h">
      <Filter>Header Files</Filter>
    </ClInclude>
    <ClInclude Include="scene\Geometry.h">
      <Filter>Header Files</Filter>
    </ClInclude>
    <ClInclude Include="base\Texture.h">
      <Filter>Header Files</Filter>
    </ClInclude>
    <ClInclude Include="base\Texture2D.h">
      <Filter>Header Files</Filter>
    </ClInclude>
    <ClInclude Include="base\TextureCube.h">
      <Filter>Header Files</Filter>
    </ClInclude>
    <ClInclude Include="base\Buffer.h">
      <Filter>Header Files</Filter>
    </ClInclude>
    <ClInclude Include="base\Framebuffer.h">
      <Filter>Header Files</Filter>
    </ClInclude>
    <ClInclude Include="gl\TextureManager.h">
      <Filter>Header Files</Filter>
    </ClInclude>
    <ClInclude Include="base\RenderBuffer.h">
      <Filter>Header Files</Filter>
    </ClInclude>
    <ClInclude Include="core\WindowSystem.h">
      <Filter>Header Files</Filter>
    </ClInclude>
    <ClInclude Include="gl\FrameBufferManager.h">
      <Filter>Header Files</Filter>
    </ClInclude>
    <ClInclude Include="gl\BufferManager.h">
      <Filter>Header Files</Filter>
    </ClInclude>
    <ClInclude Include="gl\GeometryManager.h">
      <Filter>Header Files</Filter>
    </ClInclude>
    <ClInclude Include="gl\ShaderProgramManager.h">
      <Filter>Header Files</Filter>
    </ClInclude>
    <ClInclude Include="basic_geometry\BasicGeometry.h">
      <Filter>Header Files</Filter>
    </ClInclude>
  </ItemGroup>
  <ItemGroup>
    <ClCompile Include="pch.cpp">
      <Filter>Source Files</Filter>
    </ClCompile>
    <ClCompile Include="core\GlfwWindow.cpp">
      <Filter>Source Files</Filter>
    </ClCompile>
    <ClCompile Include="base\ShaderProgram.cpp">
      <Filter>Source Files</Filter>
    </ClCompile>
    <ClCompile Include="base\VertexArrayObject.cpp">
      <Filter>Source Files</Filter>
    </ClCompile>
    <ClCompile Include="primitive\Primitive.cpp">
      <Filter>Source Files</Filter>
    </ClCompile>
    <ClCompile Include="core\Camera.cpp">
      <Filter>Source Files</Filter>
    </ClCompile>
    <ClCompile Include="controller\ArcballController.cpp">
      <Filter>Source Files</Filter>
    </ClCompile>
    <ClCompile Include="controller\FPSController.cpp">
      <Filter>Source Files</Filter>
    </ClCompile>
    <ClCompile Include="scene\Node.cpp">
      <Filter>Source Files</Filter>
    </ClCompile>
    <ClCompile Include="core\Transform.cpp">
      <Filter>Source Files</Filter>
    </ClCompile>
    <ClCompile Include="loader\ModelLoader.cpp">
      <Filter>Source Files</Filter>
    </ClCompile>
    <ClCompile Include="scene\Scene.cpp">
      <Filter>Source Files</Filter>
    </ClCompile>
    <ClCompile Include="core\RenderPipeline.cpp">
      <Filter>Source Files</Filter>
    </ClCompile>
    <ClCompile Include="renderpass\PostProcessPass.cpp">
      <Filter>Source Files</Filter>
    </ClCompile>
    <ClCompile Include="renderpass\ForwardLitPass.cpp">
      <Filter>Source Files</Filter>
    </ClCompile>
    <ClCompile Include="parser\GlslParser.cpp">
      <Filter>Source Files</Filter>
    </ClCompile>
    <ClCompile Include="renderpass\DeferredGeoPass.cpp">
      <Filter>Source Files</Filter>
    </ClCompile>
    <ClCompile Include="renderpass\DeferredLitPass.cpp">
      <Filter>Source Files</Filter>
    </ClCompile>
    <ClCompile Include="renderpass\DirShadowMapPass.cpp">
      <Filter>Source Files</Filter>
    </ClCompile>
    <ClCompile Include="renderpass\SkyBoxPass.cpp">
      <Filter>Source Files</Filter>
    </ClCompile>
    <ClCompile Include="ui\ImGui.cpp">
      <Filter>Source Files</Filter>
    </ClCompile>
    <ClCompile Include="renderpass\PointShadowMapPass.cpp">
      <Filter>Source Files</Filter>
    </ClCompile>
    <ClCompile Include="renderpass\VisLightPass.cpp">
      <Filter>Source Files</Filter>
    </ClCompile>
    <ClCompile Include="renderpass\WaterLitPass.cpp">
      <Filter>Source Files</Filter>
    </ClCompile>
    <ClCompile Include="light\Light.cpp">
      <Filter>Source Files</Filter>
    </ClCompile>
    <ClCompile Include="loader\AssimpLoader.cpp">
      <Filter>Source Files</Filter>
    </ClCompile>
    <ClCompile Include="utils\stb_image.cpp">
      <Filter>Source Files</Filter>
    </ClCompile>
    <ClCompile Include="base\Texture.cpp">
      <Filter>Source Files</Filter>
    </ClCompile>
    <ClCompile Include="base\Texture2D.cpp">
      <Filter>Source Files</Filter>
    </ClCompile>
    <ClCompile Include="base\TextureCube.cpp">
      <Filter>Source Files</Filter>
    </ClCompile>
    <ClCompile Include="base\Buffer.cpp">
      <Filter>Source Files</Filter>
    </ClCompile>
    <ClCompile Include="base\Framebuffer.cpp">
      <Filter>Source Files</Filter>
    </ClCompile>
    <ClCompile Include="gl\TextureManager.cpp">
      <Filter>Source Files</Filter>
    </ClCompile>
    <ClCompile Include="base\RenderBuffer.cpp">
      <Filter>Source Files</Filter>
    </ClCompile>
    <ClCompile Include="core\WindowSystem.cpp">
      <Filter>Source Files</Filter>
    </ClCompile>
    <ClCompile Include="gl\FrameBufferManager.cpp">
      <Filter>Source Files</Filter>
    </ClCompile>
    <ClCompile Include="gl\BufferManager.cpp">
      <Filter>Source Files</Filter>
    </ClCompile>
    <ClCompile Include="gl\GeometryManager.cpp">
      <Filter>Source Files</Filter>
    </ClCompile>
    <ClCompile Include="gl\ShaderProgramManager.cpp">
      <Filter>Source Files</Filter>
    </ClCompile>
    <ClCompile Include="basic_geometry\BasicGeometry.cpp">
      <Filter>Source Files</Filter>
    </ClCompile>
  </ItemGroup>
</Project>